
Microsoft Visual Studio Solution File, Format Version 12.00
# Visual Studio 15
VisualStudioVersion = 15.0.28307.421
MinimumVisualStudioVersion = 10.0.40219.1
Project("{9A19103F-16F7-4668-BE54-9A1E7A4F7556}") = "HandicardApi", "Handicard\HandicardApi.csproj", "{1017C9A8-98ED-4869-821A-77732DE2266F}"
EndProject
Global
	GlobalSection(SolutionConfigurationPlatforms) = preSolution
		Debug|Any CPU = Debug|Any CPU
		Release|Any CPU = Release|Any CPU
	EndGlobalSection
	GlobalSection(ProjectConfigurationPlatforms) = postSolution
		{1017C9A8-98ED-4869-821A-77732DE2266F}.Debug|Any CPU.ActiveCfg = Debug|Any CPU
		{1017C9A8-98ED-4869-821A-77732DE2266F}.Debug|Any CPU.Build.0 = Debug|Any CPU
		{1017C9A8-98ED-4869-821A-77732DE2266F}.Release|Any CPU.ActiveCfg = Release|Any CPU
		{1017C9A8-98ED-4869-821A-77732DE2266F}.Release|Any CPU.Build.0 = Release|Any CPU
	EndGlobalSection
	GlobalSection(SolutionProperties) = preSolution
		HideSolutionNode = FALSE
	EndGlobalSection
	GlobalSection(ExtensibilityGlobals) = postSolution
		SolutionGuid = {577BDE3E-F6C0-42E7-873B-0C749DCF76D1}
	EndGlobalSection
EndGlobal
